// !$*UTF8*$!
{
	archiveVersion = 1;
	classes = {
	};
	objectVersion = 46;
	objects = {

/* Begin PBXBuildFile section */
		650372591E010F28001671A9 /* F.swift in Sources */ = {isa = PBXBuildFile; fileRef = 650372581E010F28001671A9 /* F.swift */; };
		6503725B1E011ABC001671A9 /* C.swift in Sources */ = {isa = PBXBuildFile; fileRef = 6503725A1E011ABC001671A9 /* C.swift */; };
		6536D7C41E069541007461A6 /* pop.framework in Frameworks */ = {isa = PBXBuildFile; fileRef = 6536D7C31E069541007461A6 /* pop.framework */; };
		6536D7C51E069541007461A6 /* pop.framework in Embed Frameworks */ = {isa = PBXBuildFile; fileRef = 6536D7C31E069541007461A6 /* pop.framework */; settings = {ATTRIBUTES = (CodeSignOnCopy, RemoveHeadersOnCopy, ); }; };
		656974BF1E04FAE1004087C1 /* DoubleExtension.swift in Sources */ = {isa = PBXBuildFile; fileRef = 656974BE1E04FAE1004087C1 /* DoubleExtension.swift */; };
		656974C11E050033004087C1 /* Operators.swift in Sources */ = {isa = PBXBuildFile; fileRef = 656974C01E050033004087C1 /* Operators.swift */; };
		65737CAD1DF91DA600D2AC0C /* AppDelegate.swift in Sources */ = {isa = PBXBuildFile; fileRef = 65737CAC1DF91DA600D2AC0C /* AppDelegate.swift */; };
		65737CAF1DF91DA600D2AC0C /* TipCalculatorVC.swift in Sources */ = {isa = PBXBuildFile; fileRef = 65737CAE1DF91DA600D2AC0C /* TipCalculatorVC.swift */; };
		65737CB21DF91DA600D2AC0C /* Main.storyboard in Resources */ = {isa = PBXBuildFile; fileRef = 65737CB01DF91DA600D2AC0C /* Main.storyboard */; };
		65737CB41DF91DA600D2AC0C /* Assets.xcassets in Resources */ = {isa = PBXBuildFile; fileRef = 65737CB31DF91DA600D2AC0C /* Assets.xcassets */; };
		65737CB71DF91DA600D2AC0C /* LaunchScreen.storyboard in Resources */ = {isa = PBXBuildFile; fileRef = 65737CB51DF91DA600D2AC0C /* LaunchScreen.storyboard */; };
		65737CC81DF9258500D2AC0C /* SettingVC.swift in Sources */ = {isa = PBXBuildFile; fileRef = 65737CC71DF9258500D2AC0C /* SettingVC.swift */; };
		CC002D79761E6CF842055070 /* Pods_TipCalculator.framework in Frameworks */ = {isa = PBXBuildFile; fileRef = 9A6BBF4B8EDC61BA95CF75B1 /* Pods_TipCalculator.framework */; };
/* End PBXBuildFile section */

/* Begin PBXCopyFilesBuildPhase section */
		6536D7C61E069542007461A6 /* Embed Frameworks */ = {
			isa = PBXCopyFilesBuildPhase;
			buildActionMask = 2147483647;
			dstPath = "";
			dstSubfolderSpec = 10;
			files = (
				6536D7C51E069541007461A6 /* pop.framework in Embed Frameworks */,
			);
			name = "Embed Frameworks";
			runOnlyForDeploymentPostprocessing = 0;
		};
/* End PBXCopyFilesBuildPhase section */

/* Begin PBXFileReference section */
		650372581E010F28001671A9 /* F.swift */ = {isa = PBXFileReference; fileEncoding = 4; lastKnownFileType = sourcecode.swift; path = F.swift; sourceTree = "<group>"; };
		6503725A1E011ABC001671A9 /* C.swift */ = {isa = PBXFileReference; fileEncoding = 4; lastKnownFileType = sourcecode.swift; path = C.swift; sourceTree = "<group>"; };
		6536D7C31E069541007461A6 /* pop.framework */ = {isa = PBXFileReference; explicitFileType = wrapper.framework; path = pop.framework; sourceTree = BUILT_PRODUCTS_DIR; };
		6536D7C71E069609007461A6 /* TipCalculator-Bridging-Header.h */ = {isa = PBXFileReference; lastKnownFileType = sourcecode.c.h; path = "TipCalculator-Bridging-Header.h"; sourceTree = "<group>"; };
		656974BE1E04FAE1004087C1 /* DoubleExtension.swift */ = {isa = PBXFileReference; fileEncoding = 4; lastKnownFileType = sourcecode.swift; path = DoubleExtension.swift; sourceTree = "<group>"; };
		656974C01E050033004087C1 /* Operators.swift */ = {isa = PBXFileReference; fileEncoding = 4; lastKnownFileType = sourcecode.swift; path = Operators.swift; sourceTree = "<group>"; };
		65737CA91DF91DA600D2AC0C /* TipCalculator.app */ = {isa = PBXFileReference; explicitFileType = wrapper.application; includeInIndex = 0; path = TipCalculator.app; sourceTree = BUILT_PRODUCTS_DIR; };
		65737CAC1DF91DA600D2AC0C /* AppDelegate.swift */ = {isa = PBXFileReference; lastKnownFileType = sourcecode.swift; path = AppDelegate.swift; sourceTree = "<group>"; };
		65737CAE1DF91DA600D2AC0C /* TipCalculatorVC.swift */ = {isa = PBXFileReference; lastKnownFileType = sourcecode.swift; path = TipCalculatorVC.swift; sourceTree = "<group>"; };
		65737CB11DF91DA600D2AC0C /* Base */ = {isa = PBXFileReference; lastKnownFileType = file.storyboard; name = Base; path = Base.lproj/Main.storyboard; sourceTree = "<group>"; };
		65737CB31DF91DA600D2AC0C /* Assets.xcassets */ = {isa = PBXFileReference; lastKnownFileType = folder.assetcatalog; path = Assets.xcassets; sourceTree = "<group>"; };
		65737CB61DF91DA600D2AC0C /* Base */ = {isa = PBXFileReference; lastKnownFileType = file.storyboard; name = Base; path = Base.lproj/LaunchScreen.storyboard; sourceTree = "<group>"; };
		65737CB81DF91DA600D2AC0C /* Info.plist */ = {isa = PBXFileReference; lastKnownFileType = text.plist.xml; path = Info.plist; sourceTree = "<group>"; };
		65737CC71DF9258500D2AC0C /* SettingVC.swift */ = {isa = PBXFileReference; fileEncoding = 4; lastKnownFileType = sourcecode.swift; path = SettingVC.swift; sourceTree = "<group>"; };
		7403F068AF7F4A0C457067BD /* Pods-TipCalculator.release.xcconfig */ = {isa = PBXFileReference; includeInIndex = 1; lastKnownFileType = text.xcconfig; name = "Pods-TipCalculator.release.xcconfig"; path = "Pods/Target Support Files/Pods-TipCalculator/Pods-TipCalculator.release.xcconfig"; sourceTree = "<group>"; };
		9A6BBF4B8EDC61BA95CF75B1 /* Pods_TipCalculator.framework */ = {isa = PBXFileReference; explicitFileType = wrapper.framework; includeInIndex = 0; path = Pods_TipCalculator.framework; sourceTree = BUILT_PRODUCTS_DIR; };
		EB71BC1BD45A66FA54E2CBAF /* Pods-TipCalculator.debug.xcconfig */ = {isa = PBXFileReference; includeInIndex = 1; lastKnownFileType = text.xcconfig; name = "Pods-TipCalculator.debug.xcconfig"; path = "Pods/Target Support Files/Pods-TipCalculator/Pods-TipCalculator.debug.xcconfig"; sourceTree = "<group>"; };
/* End PBXFileReference section */

/* Begin PBXFrameworksBuildPhase section */
		65737CA61DF91DA600D2AC0C /* Frameworks */ = {
			isa = PBXFrameworksBuildPhase;
			buildActionMask = 2147483647;
			files = (
				6536D7C41E069541007461A6 /* pop.framework in Frameworks */,
				CC002D79761E6CF842055070 /* Pods_TipCalculator.framework in Frameworks */,
			);
			runOnlyForDeploymentPostprocessing = 0;
		};
/* End PBXFrameworksBuildPhase section */

/* Begin PBXGroup section */
		0A63FB42C73FB855BD54EC38 /* Frameworks */ = {
			isa = PBXGroup;
			children = (
				9A6BBF4B8EDC61BA95CF75B1 /* Pods_TipCalculator.framework */,
			);
			name = Frameworks;
			sourceTree = "<group>";
		};
		656974BB1E043878004087C1 /* Delegates */ = {
			isa = PBXGroup;
			children = (
			);
			name = Delegates;
			sourceTree = "<group>";
		};
		65737CA01DF91DA600D2AC0C = {
			isa = PBXGroup;
			children = (
				65737CAB1DF91DA600D2AC0C /* TipCalculator */,
				65737CAA1DF91DA600D2AC0C /* Products */,
				E1F0058E85B9B291BE605AC2 /* Pods */,
				0A63FB42C73FB855BD54EC38 /* Frameworks */,
			);
			sourceTree = "<group>";
		};
		65737CAA1DF91DA600D2AC0C /* Products */ = {
			isa = PBXGroup;
			children = (
				65737CA91DF91DA600D2AC0C /* TipCalculator.app */,
			);
			name = Products;
			sourceTree = "<group>";
		};
		65737CAB1DF91DA600D2AC0C /* TipCalculator */ = {
			isa = PBXGroup;
			children = (
				65737CC31DF91DCA00D2AC0C /* Controllers */,
				65737CC21DF91DC500D2AC0C /* Models */,
				65737CC11DF91DC000D2AC0C /* Views */,
				65737CC01DF91DB800D2AC0C /* Resources */,
				65737CBF1DF91DAE00D2AC0C /* Utilities */,
				65737CBE1DF91DAA00D2AC0C /* Values */,
				65737CAC1DF91DA600D2AC0C /* AppDelegate.swift */,
				65737CB81DF91DA600D2AC0C /* Info.plist */,
				6536D7C71E069609007461A6 /* TipCalculator-Bridging-Header.h */,
			);
			path = TipCalculator;
			sourceTree = "<group>";
		};
		65737CBE1DF91DAA00D2AC0C /* Values */ = {
			isa = PBXGroup;
			children = (
				6503725A1E011ABC001671A9 /* C.swift */,
				650372581E010F28001671A9 /* F.swift */,
			);
			name = Values;
			sourceTree = "<group>";
		};
		65737CBF1DF91DAE00D2AC0C /* Utilities */ = {
			isa = PBXGroup;
			children = (
				656974BB1E043878004087C1 /* Delegates */,
				65737CC51DF91DE800D2AC0C /* Extensions */,
				65737CC41DF91DDE00D2AC0C /* Frameworks */,
			);
			name = Utilities;
			sourceTree = "<group>";
		};
		65737CC01DF91DB800D2AC0C /* Resources */ = {
			isa = PBXGroup;
			children = (
				65737CB31DF91DA600D2AC0C /* Assets.xcassets */,
			);
			name = Resources;
			sourceTree = "<group>";
		};
		65737CC11DF91DC000D2AC0C /* Views */ = {
			isa = PBXGroup;
			children = (
				65737CC61DF91E0400D2AC0C /* Storyboard */,
			);
			name = Views;
			sourceTree = "<group>";
		};
		65737CC21DF91DC500D2AC0C /* Models */ = {
			isa = PBXGroup;
			children = (
			);
			name = Models;
			sourceTree = "<group>";
		};
		65737CC31DF91DCA00D2AC0C /* Controllers */ = {
			isa = PBXGroup;
			children = (
				65737CAE1DF91DA600D2AC0C /* TipCalculatorVC.swift */,
				65737CC71DF9258500D2AC0C /* SettingVC.swift */,
			);
			name = Controllers;
			sourceTree = "<group>";
		};
		65737CC41DF91DDE00D2AC0C /* Frameworks */ = {
			isa = PBXGroup;
			children = (
				6536D7C31E069541007461A6 /* pop.framework */,
			);
			name = Frameworks;
			sourceTree = "<group>";
		};
		65737CC51DF91DE800D2AC0C /* Extensions */ = {
			isa = PBXGroup;
			children = (
				656974BE1E04FAE1004087C1 /* DoubleExtension.swift */,
				656974C01E050033004087C1 /* Operators.swift */,
			);
			name = Extensions;
			sourceTree = "<group>";
		};
		65737CC61DF91E0400D2AC0C /* Storyboard */ = {
			isa = PBXGroup;
			children = (
				65737CB51DF91DA600D2AC0C /* LaunchScreen.storyboard */,
				65737CB01DF91DA600D2AC0C /* Main.storyboard */,
			);
			name = Storyboard;
			sourceTree = "<group>";
		};
		E1F0058E85B9B291BE605AC2 /* Pods */ = {
			isa = PBXGroup;
			children = (
				EB71BC1BD45A66FA54E2CBAF /* Pods-TipCalculator.debug.xcconfig */,
				7403F068AF7F4A0C457067BD /* Pods-TipCalculator.release.xcconfig */,
			);
			name = Pods;
			sourceTree = "<group>";
		};
/* End PBXGroup section */

/* Begin PBXNativeTarget section */
		65737CA81DF91DA600D2AC0C /* TipCalculator */ = {
			isa = PBXNativeTarget;
			buildConfigurationList = 65737CBB1DF91DA600D2AC0C /* Build configuration list for PBXNativeTarget "TipCalculator" */;
			buildPhases = (
				3221721FA6B8106965028399 /* [CP] Check Pods Manifest.lock */,
				65737CA51DF91DA600D2AC0C /* Sources */,
				65737CA61DF91DA600D2AC0C /* Frameworks */,
				65737CA71DF91DA600D2AC0C /* Resources */,
				A87D213F1DB6B8158492AB87 /* [CP] Embed Pods Frameworks */,
				8F0551EF6C4D8619D013B19E /* [CP] Copy Pods Resources */,
				6536D7C61E069542007461A6 /* Embed Frameworks */,
			);
			buildRules = (
			);
			dependencies = (
			);
			name = TipCalculator;
			productName = TipCalculator;
			productReference = 65737CA91DF91DA600D2AC0C /* TipCalculator.app */;
			productType = "com.apple.product-type.application";
		};
/* End PBXNativeTarget section */

/* Begin PBXProject section */
		65737CA11DF91DA600D2AC0C /* Project object */ = {
			isa = PBXProject;
			attributes = {
				LastSwiftUpdateCheck = 0800;
				LastUpgradeCheck = 0810;
				ORGANIZATIONNAME = "Thomas Zhu";
				TargetAttributes = {
					65737CA81DF91DA600D2AC0C = {
						CreatedOnToolsVersion = 8.0;
						DevelopmentTeam = L398DL783R;
						LastSwiftMigration = 0800;
						ProvisioningStyle = Automatic;
					};
				};
			};
			buildConfigurationList = 65737CA41DF91DA600D2AC0C /* Build configuration list for PBXProject "TipCalculator" */;
			compatibilityVersion = "Xcode 3.2";
			developmentRegion = English;
			hasScannedForEncodings = 0;
			knownRegions = (
				en,
				Base,
			);
			mainGroup = 65737CA01DF91DA600D2AC0C;
			productRefGroup = 65737CAA1DF91DA600D2AC0C /* Products */;
			projectDirPath = "";
			projectRoot = "";
			targets = (
				65737CA81DF91DA600D2AC0C /* TipCalculator */,
			);
		};
/* End PBXProject section */

/* Begin PBXResourcesBuildPhase section */
		65737CA71DF91DA600D2AC0C /* Resources */ = {
			isa = PBXResourcesBuildPhase;
			buildActionMask = 2147483647;
			files = (
				65737CB71DF91DA600D2AC0C /* LaunchScreen.storyboard in Resources */,
				65737CB41DF91DA600D2AC0C /* Assets.xcassets in Resources */,
				65737CB21DF91DA600D2AC0C /* Main.storyboard in Resources */,
			);
			runOnlyForDeploymentPostprocessing = 0;
		};
/* End PBXResourcesBuildPhase section */

/* Begin PBXShellScriptBuildPhase section */
		3221721FA6B8106965028399 /* [CP] Check Pods Manifest.lock */ = {
			isa = PBXShellScriptBuildPhase;
			buildActionMask = 2147483647;
			files = (
			);
			inputPaths = (
			);
			name = "[CP] Check Pods Manifest.lock";
			outputPaths = (
			);
			runOnlyForDeploymentPostprocessing = 0;
			shellPath = /bin/sh;
			shellScript = "diff \"${PODS_ROOT}/../Podfile.lock\" \"${PODS_ROOT}/Manifest.lock\" > /dev/null\nif [ $? != 0 ] ; then\n    # print error to STDERR\n    echo \"error: The sandbox is not in sync with the Podfile.lock. Run 'pod install' or update your CocoaPods installation.\" >&2\n    exit 1\nfi\n";
			showEnvVarsInLog = 0;
		};
		8F0551EF6C4D8619D013B19E /* [CP] Copy Pods Resources */ = {
			isa = PBXShellScriptBuildPhase;
			buildActionMask = 2147483647;
			files = (
			);
			inputPaths = (
			);
			name = "[CP] Copy Pods Resources";
			outputPaths = (
			);
			runOnlyForDeploymentPostprocessing = 0;
			shellPath = /bin/sh;
			shellScript = "\"${SRCROOT}/Pods/Target Support Files/Pods-TipCalculator/Pods-TipCalculator-resources.sh\"\n";
			showEnvVarsInLog = 0;
		};
		A87D213F1DB6B8158492AB87 /* [CP] Embed Pods Frameworks */ = {
			isa = PBXShellScriptBuildPhase;
			buildActionMask = 2147483647;
			files = (
			);
			inputPaths = (
			);
			name = "[CP] Embed Pods Frameworks";
			outputPaths = (
			);
			runOnlyForDeploymentPostprocessing = 0;
			shellPath = /bin/sh;
			shellScript = "\"${SRCROOT}/Pods/Target Support Files/Pods-TipCalculator/Pods-TipCalculator-frameworks.sh\"\n";
			showEnvVarsInLog = 0;
		};
/* End PBXShellScriptBuildPhase section */

/* Begin PBXSourcesBuildPhase section */
		65737CA51DF91DA600D2AC0C /* Sources */ = {
			isa = PBXSourcesBuildPhase;
			buildActionMask = 2147483647;
			files = (
				656974BF1E04FAE1004087C1 /* DoubleExtension.swift in Sources */,
				650372591E010F28001671A9 /* F.swift in Sources */,
				656974C11E050033004087C1 /* Operators.swift in Sources */,
				65737CAF1DF91DA600D2AC0C /* TipCalculatorVC.swift in Sources */,
				65737CC81DF9258500D2AC0C /* SettingVC.swift in Sources */,
				6503725B1E011ABC001671A9 /* C.swift in Sources */,
				65737CAD1DF91DA600D2AC0C /* AppDelegate.swift in Sources */,
			);
			runOnlyForDeploymentPostprocessing = 0;
		};
/* End PBXSourcesBuildPhase section */

/* Begin PBXVariantGroup section */
		65737CB01DF91DA600D2AC0C /* Main.storyboard */ = {
			isa = PBXVariantGroup;
			children = (
				65737CB11DF91DA600D2AC0C /* Base */,
			);
			name = Main.storyboard;
			sourceTree = "<group>";
		};
		65737CB51DF91DA600D2AC0C /* LaunchScreen.storyboard */ = {
			isa = PBXVariantGroup;
			children = (
				65737CB61DF91DA600D2AC0C /* Base */,
			);
			name = LaunchScreen.storyboard;
			sourceTree = "<group>";
		};
/* End PBXVariantGroup section */

/* Begin XCBuildConfiguration section */
		65737CB91DF91DA600D2AC0C /* Debug */ = {
			isa = XCBuildConfiguration;
			buildSettings = {
				ALWAYS_SEARCH_USER_PATHS = NO;
				CLANG_ANALYZER_NONNULL = YES;
				CLANG_CXX_LANGUAGE_STANDARD = "gnu++0x";
				CLANG_CXX_LIBRARY = "libc++";
				CLANG_ENABLE_MODULES = YES;
				CLANG_ENABLE_OBJC_ARC = YES;
				CLANG_WARN_BOOL_CONVERSION = YES;
				CLANG_WARN_CONSTANT_CONVERSION = YES;
				CLANG_WARN_DIRECT_OBJC_ISA_USAGE = YES_ERROR;
				CLANG_WARN_DOCUMENTATION_COMMENTS = YES;
				CLANG_WARN_EMPTY_BODY = YES;
				CLANG_WARN_ENUM_CONVERSION = YES;
				CLANG_WARN_INFINITE_RECURSION = YES;
				CLANG_WARN_INT_CONVERSION = YES;
				CLANG_WARN_OBJC_ROOT_CLASS = YES_ERROR;
				CLANG_WARN_SUSPICIOUS_MOVE = YES;
				CLANG_WARN_SUSPICIOUS_MOVES = YES;
				CLANG_WARN_UNREACHABLE_CODE = YES;
				CLANG_WARN__DUPLICATE_METHOD_MATCH = YES;
				"CODE_SIGN_IDENTITY[sdk=iphoneos*]" = "iPhone Developer";
				COPY_PHASE_STRIP = NO;
				DEBUG_INFORMATION_FORMAT = dwarf;
				ENABLE_STRICT_OBJC_MSGSEND = YES;
				ENABLE_TESTABILITY = YES;
				GCC_C_LANGUAGE_STANDARD = gnu99;
				GCC_DYNAMIC_NO_PIC = NO;
				GCC_NO_COMMON_BLOCKS = YES;
				GCC_OPTIMIZATION_LEVEL = 0;
				GCC_PREPROCESSOR_DEFINITIONS = (
					"DEBUG=1",
					"$(inherited)",
				);
				GCC_WARN_64_TO_32_BIT_CONVERSION = YES;
				GCC_WARN_ABOUT_RETURN_TYPE = YES_ERROR;
				GCC_WARN_UNDECLARED_SELECTOR = YES;
				GCC_WARN_UNINITIALIZED_AUTOS = YES_AGGRESSIVE;
				GCC_WARN_UNUSED_FUNCTION = YES;
				GCC_WARN_UNUSED_VARIABLE = YES;
				IPHONEOS_DEPLOYMENT_TARGET = 10.0;
				MTL_ENABLE_DEBUG_INFO = YES;
				ONLY_ACTIVE_ARCH = YES;
				SDKROOT = iphoneos;
				SWIFT_ACTIVE_COMPILATION_CONDITIONS = DEBUG;
				SWIFT_OPTIMIZATION_LEVEL = "-Onone";
				TARGETED_DEVICE_FAMILY = "1,2";
			};
			name = Debug;
		};
		65737CBA1DF91DA600D2AC0C /* Release */ = {
			isa = XCBuildConfiguration;
			buildSettings = {
				ALWAYS_SEARCH_USER_PATHS = NO;
				CLANG_ANALYZER_NONNULL = YES;
				CLANG_CXX_LANGUAGE_STANDARD = "gnu++0x";
				CLANG_CXX_LIBRARY = "libc++";
				CLANG_ENABLE_MODULES = YES;
				CLANG_ENABLE_OBJC_ARC = YES;
				CLANG_WARN_BOOL_CONVERSION = YES;
				CLANG_WARN_CONSTANT_CONVERSION = YES;
				CLANG_WARN_DIRECT_OBJC_ISA_USAGE = YES_ERROR;
				CLANG_WARN_DOCUMENTATION_COMMENTS = YES;
				CLANG_WARN_EMPTY_BODY = YES;
				CLANG_WARN_ENUM_CONVERSION = YES;
				CLANG_WARN_INFINITE_RECURSION = YES;
				CLANG_WARN_INT_CONVERSION = YES;
				CLANG_WARN_OBJC_ROOT_CLASS = YES_ERROR;
				CLANG_WARN_SUSPICIOUS_MOVE = YES;
				CLANG_WARN_SUSPICIOUS_MOVES = YES;
				CLANG_WARN_UNREACHABLE_CODE = YES;
				CLANG_WARN__DUPLICATE_METHOD_MATCH = YES;
				"CODE_SIGN_IDENTITY[sdk=iphoneos*]" = "iPhone Developer";
				COPY_PHASE_STRIP = NO;
				DEBUG_INFORMATION_FORMAT = "dwarf-with-dsym";
				ENABLE_NS_ASSERTIONS = NO;
				ENABLE_STRICT_OBJC_MSGSEND = YES;
				GCC_C_LANGUAGE_STANDARD = gnu99;
				GCC_NO_COMMON_BLOCKS = YES;
				GCC_WARN_64_TO_32_BIT_CONVERSION = YES;
				GCC_WARN_ABOUT_RETURN_TYPE = YES_ERROR;
				GCC_WARN_UNDECLARED_SELECTOR = YES;
				GCC_WARN_UNINITIALIZED_AUTOS = YES_AGGRESSIVE;
				GCC_WARN_UNUSED_FUNCTION = YES;
				GCC_WARN_UNUSED_VARIABLE = YES;
				IPHONEOS_DEPLOYMENT_TARGET = 10.0;
				MTL_ENABLE_DEBUG_INFO = NO;
				SDKROOT = iphoneos;
				SWIFT_OPTIMIZATION_LEVEL = "-Owholemodule";
				TARGETED_DEVICE_FAMILY = "1,2";
				VALIDATE_PRODUCT = YES;
			};
			name = Release;
		};
		65737CBC1DF91DA600D2AC0C /* Debug */ = {
			isa = XCBuildConfiguration;
			baseConfigurationReference = EB71BC1BD45A66FA54E2CBAF /* Pods-TipCalculator.debug.xcconfig */;
			buildSettings = {
				ASSETCATALOG_COMPILER_APPICON_NAME = AppIcon;
				CLANG_ENABLE_MODULES = YES;
				DEVELOPMENT_TEAM = L398DL783R;
				INFOPLIST_FILE = TipCalculator/Info.plist;
				LD_RUNPATH_SEARCH_PATHS = "$(inherited) @executable_path/Frameworks";
				PRODUCT_BUNDLE_IDENTIFIER = com.thomaszhu.TipCalculator;
				PRODUCT_NAME = "$(TARGET_NAME)";
				SWIFT_OBJC_BRIDGING_HEADER = "TipCalculator/TipCalculator-Bridging-Header.h";
				SWIFT_OPTIMIZATION_LEVEL = "-Onone";
				SWIFT_VERSION = 3.0;
			};
			name = Debug;
		};
		65737CBD1DF91DA600D2AC0C /* Release */ = {
			isa = XCBuildConfiguration;
			baseConfigurationReference = 7403F068AF7F4A0C457067BD /* Pods-TipCalculator.release.xcconfig */;
			buildSettings = {
				ASSETCATALOG_COMPILER_APPICON_NAME = AppIcon;
				CLANG_ENABLE_MODULES = YES;
				DEVELOPMENT_TEAM = L398DL783R;
				INFOPLIST_FILE = TipCalculator/Info.plist;
				LD_RUNPATH_SEARCH_PATHS = "$(inherited) @executable_path/Frameworks";
				PRODUCT_BUNDLE_IDENTIFIER = com.thomaszhu.TipCalculator;
				PRODUCT_NAME = "$(TARGET_NAME)";
				SWIFT_OBJC_BRIDGING_HEADER = "TipCalculator/TipCalculator-Bridging-Header.h";
				SWIFT_VERSION = 3.0;
			};
			name = Release;
		};
/* End XCBuildConfiguration section */

/* Begin XCConfigurationList section */
		65737CA41DF91DA600D2AC0C /* Build configuration list for PBXProject "TipCalculator" */ = {
			isa = XCConfigurationList;
			buildConfigurations = (
				65737CB91DF91DA600D2AC0C /* Debug */,
				65737CBA1DF91DA600D2AC0C /* Release */,
			);
			defaultConfigurationIsVisible = 0;
			defaultConfigurationName = Release;
		};
		65737CBB1DF91DA600D2AC0C /* Build configuration list for PBXNativeTarget "TipCalculator" */ = {
			isa = XCConfigurationList;
			buildConfigurations = (
				65737CBC1DF91DA600D2AC0C /* Debug */,
				65737CBD1DF91DA600D2AC0C /* Release */,
			);
			defaultConfigurationIsVisible = 0;
			defaultConfigurationName = Release;
		};
/* End XCConfigurationList section */
	};
	rootObject = 65737CA11DF91DA600D2AC0C /* Project object */;
}
